
Microsoft Visual Studio Solution File, Format Version 11.00
# Visual Studio 2010
Project("{E24C65DC-7377-472B-9ABA-BC803B73C61A}") = "GoogleMapExampleV3", ".", "{2B95E91B-49CF-46DB-9FAC-9D0B2618CA92}"
	ProjectSection(WebsiteProperties) = preProject
		TargetFrameworkMoniker = ".NETFramework,Version%3Dv4.0"
		Debug.AspNetCompiler.VirtualPath = "/GoogleMapExample"
		Debug.AspNetCompiler.PhysicalPath = "..\GoogleMapExample\"
		Debug.AspNetCompiler.TargetPath = "PrecompiledWeb\GoogleMapExample\"
		Debug.AspNetCompiler.Updateable = "true"
		Debug.AspNetCompiler.ForceOverwrite = "true"
		Debug.AspNetCompiler.FixedNames = "false"
		Debug.AspNetCompiler.Debug = "True"
		Release.AspNetCompiler.VirtualPath = "/GoogleMapExample"
		Release.AspNetCompiler.PhysicalPath = "..\GoogleMapExample\"
		Release.AspNetCompiler.TargetPath = "PrecompiledWeb\GoogleMapExample\"
		Release.AspNetCompiler.Updateable = "true"
		Release.AspNetCompiler.ForceOverwrite = "true"
		Release.AspNetCompiler.FixedNames = "false"
		Release.AspNetCompiler.Debug = "False"
		VWDPort = "56434"
	EndProjectSection
EndProject
Global
	GlobalSection(SolutionConfigurationPlatforms) = preSolution
		Debug|Any CPU = Debug|Any CPU
	EndGlobalSection
	GlobalSection(ProjectConfigurationPlatforms) = postSolution
		{2B95E91B-49CF-46DB-9FAC-9D0B2618CA92}.Debug|Any CPU.ActiveCfg = Debug|Any CPU
		{2B95E91B-49CF-46DB-9FAC-9D0B2618CA92}.Debug|Any CPU.Build.0 = Debug|Any CPU
	EndGlobalSection
	GlobalSection(SolutionProperties) = preSolution
		HideSolutionNode = FALSE
	EndGlobalSection
EndGlobal
